
Microsoft Visual Studio Solution File, Format Version 12.00
# Visual Studio Version 17
VisualStudioVersion = 17.6.33815.320
MinimumVisualStudioVersion = 10.0.40219.1
Project("{8BC9CEB8-8B4A-11D0-8D11-00A0C91BC942}") = "BugAIV2", "BugAIV2\BugAIV2.vcxproj", "{24BDA1B8-9AFF-4D53-9FAA-C531CC3B0A90}"
EndProject
Global
	GlobalSection(SolutionConfigurationPlatforms) = preSolution
		Debug|x64 = Debug|x64
		Debug|x86 = Debug|x86
		Release|x64 = Release|x64
		Release|x86 = Release|x86
	EndGlobalSection
	GlobalSection(ProjectConfigurationPlatforms) = postSolution
		{24BDA1B8-9AFF-4D53-9FAA-C531CC3B0A90}.Debug|x64.ActiveCfg = Debug|x64
		{24BDA1B8-9AFF-4D53-9FAA-C531CC3B0A90}.Debug|x64.Build.0 = Debug|x64
		{24BDA1B8-9AFF-4D53-9FAA-C531CC3B0A90}.Debug|x86.ActiveCfg = Debug|Win32
		{24BDA1B8-9AFF-4D53-9FAA-C531CC3B0A90}.Debug|x86.Build.0 = Debug|Win32
		{24BDA1B8-9AFF-4D53-9FAA-C531CC3B0A90}.Release|x64.ActiveCfg = Release|x64
		{24BDA1B8-9AFF-4D53-9FAA-C531CC3B0A90}.Release|x64.Build.0 = Release|x64
		{24BDA1B8-9AFF-4D53-9FAA-C531CC3B0A90}.Release|x86.ActiveCfg = Release|Win32
		{24BDA1B8-9AFF-4D53-9FAA-C531CC3B0A90}.Release|x86.Build.0 = Release|Win32
	EndGlobalSection
	GlobalSection(SolutionProperties) = preSolution
		HideSolutionNode = FALSE
	EndGlobalSection
	GlobalSection(ExtensibilityGlobals) = postSolution
		SolutionGuid = {851E096E-A4D3-45D7-B30E-B1C2ECEE5F94}
	EndGlobalSection
EndGlobal
